# THIS IS AN AUTOGENERATED FILE. DO NOT EDIT THIS FILE DIRECTLY.
# yarn lockfile v1


"@capacitor/camera@^1.0.4":
  version "1.0.4"
  resolved "https://registry.yarnpkg.com/@capacitor/camera/-/camera-1.0.4.tgz#6fd1f374b13866a1e87f7f9527585e43e43fb355"
  integrity sha512-mioASfnSeQybYW8EjhOWHkxK6739ZDrQQWzVo6SpXoUU8lyL0NKEaq6+eGHFmblBxM2qrQ4AkPxIRff5VwyyjQ==
